
Microsoft Visual Studio Solution File, Format Version 12.00
# Visual Studio Version 16
VisualStudioVersion = 16.0.31729.503
MinimumVisualStudioVersion = 10.0.40219.1
Project("{FAE04EC0-301F-11D3-BF4B-00C04F79EFBC}") = "hhj", "hhj\hhj.csproj", "{07FA500C-19D8-4A3E-A4A7-3355449935DB}"
EndProject
Global
	GlobalSection(SolutionConfigurationPlatforms) = preSolution
		Debug|Any CPU = Debug|Any CPU
		Release|Any CPU = Release|Any CPU
	EndGlobalSection
	GlobalSection(ProjectConfigurationPlatforms) = postSolution
		{07FA500C-19D8-4A3E-A4A7-3355449935DB}.Debug|Any CPU.ActiveCfg = Debug|Any CPU
		{07FA500C-19D8-4A3E-A4A7-3355449935DB}.Debug|Any CPU.Build.0 = Debug|Any CPU
		{07FA500C-19D8-4A3E-A4A7-3355449935DB}.Release|Any CPU.ActiveCfg = Release|Any CPU
		{07FA500C-19D8-4A3E-A4A7-3355449935DB}.Release|Any CPU.Build.0 = Release|Any CPU
	EndGlobalSection
	GlobalSection(SolutionProperties) = preSolution
		HideSolutionNode = FALSE
	EndGlobalSection
	GlobalSection(ExtensibilityGlobals) = postSolution
		SolutionGuid = {87CF325E-3C40-4D27-877A-D685B8E1B376}
	EndGlobalSection
EndGlobal
